
Microsoft Visual Studio Solution File, Format Version 12.00
# Visual Studio 14
VisualStudioVersion = 14.0.25123.0
MinimumVisualStudioVersion = 10.0.40219.1
Project("{FAE04EC0-301F-11D3-BF4B-00C04F79EFBC}") = "ClefRSA", "ClefRSA\ClefRSA.csproj", "{BCE09687-FD8E-4835-A4C4-AF8DD4D713DD}"
EndProject
Global
	GlobalSection(SolutionConfigurationPlatforms) = preSolution
		Debug|Any CPU = Debug|Any CPU
		Release|Any CPU = Release|Any CPU
	EndGlobalSection
	GlobalSection(ProjectConfigurationPlatforms) = postSolution
		{BCE09687-FD8E-4835-A4C4-AF8DD4D713DD}.Debug|Any CPU.ActiveCfg = Debug|Any CPU
		{BCE09687-FD8E-4835-A4C4-AF8DD4D713DD}.Debug|Any CPU.Build.0 = Debug|Any CPU
		{BCE09687-FD8E-4835-A4C4-AF8DD4D713DD}.Release|Any CPU.ActiveCfg = Release|Any CPU
		{BCE09687-FD8E-4835-A4C4-AF8DD4D713DD}.Release|Any CPU.Build.0 = Release|Any CPU
	EndGlobalSection
	GlobalSection(SolutionProperties) = preSolution
		HideSolutionNode = FALSE
	EndGlobalSection
EndGlobal
